
Microsoft Visual Studio Solution File, Format Version 12.00
Project("{FAE04EC0-301F-11D3-BF4B-00C04F79EFBC}") = "Svelto.Tasks.Tests", "Packages\com.sebaslab.svelto.tasks\Svelto.Tasks.Tests~\Svelto.Tasks.Tests.csproj", "{2C7D004F-E150-4144-AA68-B30522E0B036}"
EndProject
Project("{FAE04EC0-301F-11D3-BF4B-00C04F79EFBC}") = "Svelto.Common", "Packages\com.sebaslab.svelto.common\Svelto.Common\Svelto.Common.csproj", "{E1260335-3724-44E4-A92C-9AFF70E0E01D}"
EndProject
Project("{FAE04EC0-301F-11D3-BF4B-00C04F79EFBC}") = "Svelto.Tasks", "Packages\com.sebaslab.svelto.tasks\Svelto.Tasks\Svelto.Tasks.csproj", "{E185A3BF-3605-42C2-93C5-8E60499D1A90}"
EndProject
Project("{FAE04EC0-301F-11D3-BF4B-00C04F79EFBC}") = "Svelto.Common.Tests", "Packages\com.sebaslab.svelto.common\Svelto.Common.Tests~\Svelto.Common.Tests.csproj", "{EE575CAD-290F-4089-9836-CAA31C3E7BC9}"
EndProject
Project("{FAE04EC0-301F-11D3-BF4B-00C04F79EFBC}") = "01_GameLoop", "Examples\\01_GameLoop\\01_GameLoop.csproj", "{9A548F0E-DA26-4ACE-B85D-E09E231FE2E0}"
EndProject
Project("{FAE04EC0-301F-11D3-BF4B-00C04F79EFBC}") = "02_SimpleCoroutine", "Examples\\02_SimpleCoroutine\\02_SimpleCoroutine.csproj", "{61ABA6DD-D1E0-467A-980B-4977FCF2FEC6}"
EndProject
Project("{FAE04EC0-301F-11D3-BF4B-00C04F79EFBC}") = "03_LoadingPipeline", "Examples\\03_LoadingPipeline\\03_LoadingPipeline.csproj", "{6796F466-6194-4ABD-8563-326EE47B00EB}"
EndProject
Project("{FAE04EC0-301F-11D3-BF4B-00C04F79EFBC}") = "04_ContinueChildTask", "Examples\\04_ContinueChildTask\\04_ContinueChildTask.csproj", "{BF5399D3-B6DF-4A10-A17E-F38E91EB05DE}"
EndProject
Project("{FAE04EC0-301F-11D3-BF4B-00C04F79EFBC}") = "05_BackgroundComputation", "Examples\\05_BackgroundComputation\\05_BackgroundComputation.csproj", "{2FC0360D-81F0-462D-B1DB-DDDF76002C12}"
EndProject
Project("{FAE04EC0-301F-11D3-BF4B-00C04F79EFBC}") = "06_FireAndForgetLogging", "Examples\\06_FireAndForgetLogging\\06_FireAndForgetLogging.csproj", "{5F36F358-C0A4-4663-B533-285337870905}"
EndProject
Project("{FAE04EC0-301F-11D3-BF4B-00C04F79EFBC}") = "07_ReusableSpawnLoop", "Examples\\07_ReusableSpawnLoop\\07_ReusableSpawnLoop.csproj", "{53308803-A0CA-464E-A11E-997875D91FFA}"
EndProject
Project("{FAE04EC0-301F-11D3-BF4B-00C04F79EFBC}") = "08_CancellableChain", "Examples\\08_CancellableChain\\08_CancellableChain.csproj", "{04866DAB-B479-4239-9E2F-429CFFE298DD}"
EndProject
Project("{FAE04EC0-301F-11D3-BF4B-00C04F79EFBC}") = "09_OrderedLoading", "Examples\\09_OrderedLoading\\09_OrderedLoading.csproj", "{602BA4D7-D656-4645-8966-CEBAB2D89738}"
EndProject
Project("{FAE04EC0-301F-11D3-BF4B-00C04F79EFBC}") = "10_ConcurrentAnimations", "Examples\\10_ConcurrentAnimations\\10_ConcurrentAnimations.csproj", "{4F1E3880-62B5-488C-A2CA-A88B6808E8D7}"
EndProject
Project("{FAE04EC0-301F-11D3-BF4B-00C04F79EFBC}") = "11_AIBudgetStaggered", "Examples\\11_AIBudgetStaggered\\11_AIBudgetStaggered.csproj", "{F66D4724-7EC6-4682-8F6A-DB30A3E8DAC3}"
EndProject
Project("{FAE04EC0-301F-11D3-BF4B-00C04F79EFBC}") = "12_FrameBudgetTimeBound", "Examples\\12_FrameBudgetTimeBound\\12_FrameBudgetTimeBound.csproj", "{517543A8-21AA-4437-9B2C-E791ED15A028}"
EndProject
Project("{FAE04EC0-301F-11D3-BF4B-00C04F79EFBC}") = "13_BatchPathfinding", "Examples\\13_BatchPathfinding\\13_BatchPathfinding.csproj", "{5073670C-05AE-44A4-9B0D-CCD4A8C8ACC4}"
EndProject
Project("{FAE04EC0-301F-11D3-BF4B-00C04F79EFBC}") = "14_ParallelDownloads", "Examples\\14_ParallelDownloads\\14_ParallelDownloads.csproj", "{55442FFC-6E5C-4FD2-8943-D9B4EA92E53B}"
EndProject
Project("{FAE04EC0-301F-11D3-BF4B-00C04F79EFBC}") = "15_EntitySpawnPool", "Examples\\15_EntitySpawnPool\\15_EntitySpawnPool.csproj", "{DAA537C8-9E2C-443D-8B6E-F3DB83FD0FBF}"
EndProject
Project("{FAE04EC0-301F-11D3-BF4B-00C04F79EFBC}") = "16_AsyncHttpAwaiter", "Examples\\16_AsyncHttpAwaiter\\16_AsyncHttpAwaiter.csproj", "{B87BB6B0-6D32-4EAF-8FD7-DD3692ECC88A}"
EndProject
Project("{FAE04EC0-301F-11D3-BF4B-00C04F79EFBC}") = "17_PauseMenu", "Examples\\17_PauseMenu\\17_PauseMenu.csproj", "{63046720-0D56-4EE2-BFF8-50E10AFBA717}"
EndProject
Project("{FAE04EC0-301F-11D3-BF4B-00C04F79EFBC}") = "18_RecursiveTreeTraversal", "Examples\\18_RecursiveTreeTraversal\\18_RecursiveTreeTraversal.csproj", "{90793B49-761C-4201-912F-60A67653B748}"
EndProject
Project("{FAE04EC0-301F-11D3-BF4B-00C04F79EFBC}") = "19_DelayedSpawn", "Examples\\19_DelayedSpawn\\19_DelayedSpawn.csproj", "{CA1A8F9E-851C-44CD-9B61-82B961272552}"
EndProject
Project("{FAE04EC0-301F-11D3-BF4B-00C04F79EFBC}") = "20_CrossThreadSignal", "Examples\\20_CrossThreadSignal\\20_CrossThreadSignal.csproj", "{1DD4BF1B-360A-4CDD-BA05-61C036A8DA09}"
EndProject
Project("{2150E333-8FDC-42A3-9474-1A3956D46DE8}") = "Examples", "Examples", "{B36A84DF-456D-A817-6EDD-3EC3E7F6E11F}"
EndProject
Project("{2150E333-8FDC-42A3-9474-1A3956D46DE8}") = "Packages", "Packages", "{809F86A1-1C4C-B159-0CD4-DF9D33D876CE}"
EndProject
Project("{FAE04EC0-301F-11D3-BF4B-00C04F79EFBC}") = "21_StopRunnerNetTask", "Examples\21_StopRunnerNetTask\21_StopRunnerNetTask.csproj", "{C63D02A2-04FE-48CC-AF24-3F365F6D7725}"
EndProject
Project("{2150E333-8FDC-42A3-9474-1A3956D46DE8}") = "Tests", "Tests", "{23F94109-B5BF-4782-AFD5-D9A2BAF2998A}"
EndProject
Global
	GlobalSection(SolutionConfigurationPlatforms) = preSolution
		Debug|Any CPU = Debug|Any CPU
		Debug|x64 = Debug|x64
		Debug|x86 = Debug|x86
		Release|Any CPU = Release|Any CPU
		Release|x64 = Release|x64
		Release|x86 = Release|x86
	EndGlobalSection
	GlobalSection(ProjectConfigurationPlatforms) = postSolution
		{2C7D004F-E150-4144-AA68-B30522E0B036}.Debug|Any CPU.ActiveCfg = Debug|Any CPU
		{2C7D004F-E150-4144-AA68-B30522E0B036}.Debug|Any CPU.Build.0 = Debug|Any CPU
		{2C7D004F-E150-4144-AA68-B30522E0B036}.Debug|x64.ActiveCfg = Debug|Any CPU
		{2C7D004F-E150-4144-AA68-B30522E0B036}.Debug|x64.Build.0 = Debug|Any CPU
		{2C7D004F-E150-4144-AA68-B30522E0B036}.Debug|x86.ActiveCfg = Debug|Any CPU
		{2C7D004F-E150-4144-AA68-B30522E0B036}.Debug|x86.Build.0 = Debug|Any CPU
		{2C7D004F-E150-4144-AA68-B30522E0B036}.Release|Any CPU.ActiveCfg = Release|Any CPU
		{2C7D004F-E150-4144-AA68-B30522E0B036}.Release|Any CPU.Build.0 = Release|Any CPU
		{2C7D004F-E150-4144-AA68-B30522E0B036}.Release|x64.ActiveCfg = Release|Any CPU
		{2C7D004F-E150-4144-AA68-B30522E0B036}.Release|x64.Build.0 = Release|Any CPU
		{2C7D004F-E150-4144-AA68-B30522E0B036}.Release|x86.ActiveCfg = Release|Any CPU
		{2C7D004F-E150-4144-AA68-B30522E0B036}.Release|x86.Build.0 = Release|Any CPU
		{E1260335-3724-44E4-A92C-9AFF70E0E01D}.Debug|Any CPU.ActiveCfg = Debug|Any CPU
		{E1260335-3724-44E4-A92C-9AFF70E0E01D}.Debug|Any CPU.Build.0 = Debug|Any CPU
		{E1260335-3724-44E4-A92C-9AFF70E0E01D}.Debug|x64.ActiveCfg = Debug|Any CPU
		{E1260335-3724-44E4-A92C-9AFF70E0E01D}.Debug|x64.Build.0 = Debug|Any CPU
		{E1260335-3724-44E4-A92C-9AFF70E0E01D}.Debug|x86.ActiveCfg = Debug|Any CPU
		{E1260335-3724-44E4-A92C-9AFF70E0E01D}.Debug|x86.Build.0 = Debug|Any CPU
		{E1260335-3724-44E4-A92C-9AFF70E0E01D}.Release|Any CPU.ActiveCfg = Release|Any CPU
		{E1260335-3724-44E4-A92C-9AFF70E0E01D}.Release|Any CPU.Build.0 = Release|Any CPU
		{E1260335-3724-44E4-A92C-9AFF70E0E01D}.Release|x64.ActiveCfg = Release|Any CPU
		{E1260335-3724-44E4-A92C-9AFF70E0E01D}.Release|x64.Build.0 = Release|Any CPU
		{E1260335-3724-44E4-A92C-9AFF70E0E01D}.Release|x86.ActiveCfg = Release|Any CPU
		{E1260335-3724-44E4-A92C-9AFF70E0E01D}.Release|x86.Build.0 = Release|Any CPU
		{E185A3BF-3605-42C2-93C5-8E60499D1A90}.Debug|Any CPU.ActiveCfg = Debug|Any CPU
		{E185A3BF-3605-42C2-93C5-8E60499D1A90}.Debug|Any CPU.Build.0 = Debug|Any CPU
		{E185A3BF-3605-42C2-93C5-8E60499D1A90}.Debug|x64.ActiveCfg = Debug|Any CPU
		{E185A3BF-3605-42C2-93C5-8E60499D1A90}.Debug|x64.Build.0 = Debug|Any CPU
		{E185A3BF-3605-42C2-93C5-8E60499D1A90}.Debug|x86.ActiveCfg = Debug|Any CPU
		{E185A3BF-3605-42C2-93C5-8E60499D1A90}.Debug|x86.Build.0 = Debug|Any CPU
		{E185A3BF-3605-42C2-93C5-8E60499D1A90}.Release|Any CPU.ActiveCfg = Release|Any CPU
		{E185A3BF-3605-42C2-93C5-8E60499D1A90}.Release|Any CPU.Build.0 = Release|Any CPU
		{E185A3BF-3605-42C2-93C5-8E60499D1A90}.Release|x64.ActiveCfg = Release|Any CPU
		{E185A3BF-3605-42C2-93C5-8E60499D1A90}.Release|x64.Build.0 = Release|Any CPU
		{E185A3BF-3605-42C2-93C5-8E60499D1A90}.Release|x86.ActiveCfg = Release|Any CPU
		{E185A3BF-3605-42C2-93C5-8E60499D1A90}.Release|x86.Build.0 = Release|Any CPU
		{EE575CAD-290F-4089-9836-CAA31C3E7BC9}.Debug|Any CPU.ActiveCfg = Debug|Any CPU
		{EE575CAD-290F-4089-9836-CAA31C3E7BC9}.Debug|Any CPU.Build.0 = Debug|Any CPU
		{EE575CAD-290F-4089-9836-CAA31C3E7BC9}.Debug|x64.ActiveCfg = Debug|Any CPU
		{EE575CAD-290F-4089-9836-CAA31C3E7BC9}.Debug|x64.Build.0 = Debug|Any CPU
		{EE575CAD-290F-4089-9836-CAA31C3E7BC9}.Debug|x86.ActiveCfg = Debug|Any CPU
		{EE575CAD-290F-4089-9836-CAA31C3E7BC9}.Debug|x86.Build.0 = Debug|Any CPU
		{EE575CAD-290F-4089-9836-CAA31C3E7BC9}.Release|Any CPU.ActiveCfg = Release|Any CPU
		{EE575CAD-290F-4089-9836-CAA31C3E7BC9}.Release|Any CPU.Build.0 = Release|Any CPU
		{EE575CAD-290F-4089-9836-CAA31C3E7BC9}.Release|x64.ActiveCfg = Release|Any CPU
		{EE575CAD-290F-4089-9836-CAA31C3E7BC9}.Release|x64.Build.0 = Release|Any CPU
		{EE575CAD-290F-4089-9836-CAA31C3E7BC9}.Release|x86.ActiveCfg = Release|Any CPU
		{EE575CAD-290F-4089-9836-CAA31C3E7BC9}.Release|x86.Build.0 = Release|Any CPU
		{9A548F0E-DA26-4ACE-B85D-E09E231FE2E0}.Debug|Any CPU.ActiveCfg = Debug|Any CPU
		{9A548F0E-DA26-4ACE-B85D-E09E231FE2E0}.Debug|Any CPU.Build.0 = Debug|Any CPU
		{9A548F0E-DA26-4ACE-B85D-E09E231FE2E0}.Debug|x64.ActiveCfg = Debug|Any CPU
		{9A548F0E-DA26-4ACE-B85D-E09E231FE2E0}.Debug|x64.Build.0 = Debug|Any CPU
		{9A548F0E-DA26-4ACE-B85D-E09E231FE2E0}.Debug|x86.ActiveCfg = Debug|Any CPU
		{9A548F0E-DA26-4ACE-B85D-E09E231FE2E0}.Debug|x86.Build.0 = Debug|Any CPU
		{9A548F0E-DA26-4ACE-B85D-E09E231FE2E0}.Release|Any CPU.ActiveCfg = Release|Any CPU
		{9A548F0E-DA26-4ACE-B85D-E09E231FE2E0}.Release|Any CPU.Build.0 = Release|Any CPU
		{9A548F0E-DA26-4ACE-B85D-E09E231FE2E0}.Release|x64.ActiveCfg = Release|Any CPU
		{9A548F0E-DA26-4ACE-B85D-E09E231FE2E0}.Release|x64.Build.0 = Release|Any CPU
		{9A548F0E-DA26-4ACE-B85D-E09E231FE2E0}.Release|x86.ActiveCfg = Release|Any CPU
		{9A548F0E-DA26-4ACE-B85D-E09E231FE2E0}.Release|x86.Build.0 = Release|Any CPU
		{61ABA6DD-D1E0-467A-980B-4977FCF2FEC6}.Debug|Any CPU.ActiveCfg = Debug|Any CPU
		{61ABA6DD-D1E0-467A-980B-4977FCF2FEC6}.Debug|Any CPU.Build.0 = Debug|Any CPU
		{61ABA6DD-D1E0-467A-980B-4977FCF2FEC6}.Debug|x64.ActiveCfg = Debug|Any CPU
		{61ABA6DD-D1E0-467A-980B-4977FCF2FEC6}.Debug|x64.Build.0 = Debug|Any CPU
		{61ABA6DD-D1E0-467A-980B-4977FCF2FEC6}.Debug|x86.ActiveCfg = Debug|Any CPU
		{61ABA6DD-D1E0-467A-980B-4977FCF2FEC6}.Debug|x86.Build.0 = Debug|Any CPU
		{61ABA6DD-D1E0-467A-980B-4977FCF2FEC6}.Release|Any CPU.ActiveCfg = Release|Any CPU
		{61ABA6DD-D1E0-467A-980B-4977FCF2FEC6}.Release|Any CPU.Build.0 = Release|Any CPU
		{61ABA6DD-D1E0-467A-980B-4977FCF2FEC6}.Release|x64.ActiveCfg = Release|Any CPU
		{61ABA6DD-D1E0-467A-980B-4977FCF2FEC6}.Release|x64.Build.0 = Release|Any CPU
		{61ABA6DD-D1E0-467A-980B-4977FCF2FEC6}.Release|x86.ActiveCfg = Release|Any CPU
		{61ABA6DD-D1E0-467A-980B-4977FCF2FEC6}.Release|x86.Build.0 = Release|Any CPU
		{6796F466-6194-4ABD-8563-326EE47B00EB}.Debug|Any CPU.ActiveCfg = Debug|Any CPU
		{6796F466-6194-4ABD-8563-326EE47B00EB}.Debug|Any CPU.Build.0 = Debug|Any CPU
		{6796F466-6194-4ABD-8563-326EE47B00EB}.Debug|x64.ActiveCfg = Debug|Any CPU
		{6796F466-6194-4ABD-8563-326EE47B00EB}.Debug|x64.Build.0 = Debug|Any CPU
		{6796F466-6194-4ABD-8563-326EE47B00EB}.Debug|x86.ActiveCfg = Debug|Any CPU
		{6796F466-6194-4ABD-8563-326EE47B00EB}.Debug|x86.Build.0 = Debug|Any CPU
		{6796F466-6194-4ABD-8563-326EE47B00EB}.Release|Any CPU.ActiveCfg = Release|Any CPU
		{6796F466-6194-4ABD-8563-326EE47B00EB}.Release|Any CPU.Build.0 = Release|Any CPU
		{6796F466-6194-4ABD-8563-326EE47B00EB}.Release|x64.ActiveCfg = Release|Any CPU
		{6796F466-6194-4ABD-8563-326EE47B00EB}.Release|x64.Build.0 = Release|Any CPU
		{6796F466-6194-4ABD-8563-326EE47B00EB}.Release|x86.ActiveCfg = Release|Any CPU
		{6796F466-6194-4ABD-8563-326EE47B00EB}.Release|x86.Build.0 = Release|Any CPU
		{BF5399D3-B6DF-4A10-A17E-F38E91EB05DE}.Debug|Any CPU.ActiveCfg = Debug|Any CPU
		{BF5399D3-B6DF-4A10-A17E-F38E91EB05DE}.Debug|Any CPU.Build.0 = Debug|Any CPU
		{BF5399D3-B6DF-4A10-A17E-F38E91EB05DE}.Debug|x64.ActiveCfg = Debug|Any CPU
		{BF5399D3-B6DF-4A10-A17E-F38E91EB05DE}.Debug|x64.Build.0 = Debug|Any CPU
		{BF5399D3-B6DF-4A10-A17E-F38E91EB05DE}.Debug|x86.ActiveCfg = Debug|Any CPU
		{BF5399D3-B6DF-4A10-A17E-F38E91EB05DE}.Debug|x86.Build.0 = Debug|Any CPU
		{BF5399D3-B6DF-4A10-A17E-F38E91EB05DE}.Release|Any CPU.ActiveCfg = Release|Any CPU
		{BF5399D3-B6DF-4A10-A17E-F38E91EB05DE}.Release|Any CPU.Build.0 = Release|Any CPU
		{BF5399D3-B6DF-4A10-A17E-F38E91EB05DE}.Release|x64.ActiveCfg = Release|Any CPU
		{BF5399D3-B6DF-4A10-A17E-F38E91EB05DE}.Release|x64.Build.0 = Release|Any CPU
		{BF5399D3-B6DF-4A10-A17E-F38E91EB05DE}.Release|x86.ActiveCfg = Release|Any CPU
		{BF5399D3-B6DF-4A10-A17E-F38E91EB05DE}.Release|x86.Build.0 = Release|Any CPU
		{2FC0360D-81F0-462D-B1DB-DDDF76002C12}.Debug|Any CPU.ActiveCfg = Debug|Any CPU
		{2FC0360D-81F0-462D-B1DB-DDDF76002C12}.Debug|Any CPU.Build.0 = Debug|Any CPU
		{2FC0360D-81F0-462D-B1DB-DDDF76002C12}.Debug|x64.ActiveCfg = Debug|Any CPU
		{2FC0360D-81F0-462D-B1DB-DDDF76002C12}.Debug|x64.Build.0 = Debug|Any CPU
		{2FC0360D-81F0-462D-B1DB-DDDF76002C12}.Debug|x86.ActiveCfg = Debug|Any CPU
		{2FC0360D-81F0-462D-B1DB-DDDF76002C12}.Debug|x86.Build.0 = Debug|Any CPU
		{2FC0360D-81F0-462D-B1DB-DDDF76002C12}.Release|Any CPU.ActiveCfg = Release|Any CPU
		{2FC0360D-81F0-462D-B1DB-DDDF76002C12}.Release|Any CPU.Build.0 = Release|Any CPU
		{2FC0360D-81F0-462D-B1DB-DDDF76002C12}.Release|x64.ActiveCfg = Release|Any CPU
		{2FC0360D-81F0-462D-B1DB-DDDF76002C12}.Release|x64.Build.0 = Release|Any CPU
		{2FC0360D-81F0-462D-B1DB-DDDF76002C12}.Release|x86.ActiveCfg = Release|Any CPU
		{2FC0360D-81F0-462D-B1DB-DDDF76002C12}.Release|x86.Build.0 = Release|Any CPU
		{5F36F358-C0A4-4663-B533-285337870905}.Debug|Any CPU.ActiveCfg = Debug|Any CPU
		{5F36F358-C0A4-4663-B533-285337870905}.Debug|Any CPU.Build.0 = Debug|Any CPU
		{5F36F358-C0A4-4663-B533-285337870905}.Debug|x64.ActiveCfg = Debug|Any CPU
		{5F36F358-C0A4-4663-B533-285337870905}.Debug|x64.Build.0 = Debug|Any CPU
		{5F36F358-C0A4-4663-B533-285337870905}.Debug|x86.ActiveCfg = Debug|Any CPU
		{5F36F358-C0A4-4663-B533-285337870905}.Debug|x86.Build.0 = Debug|Any CPU
		{5F36F358-C0A4-4663-B533-285337870905}.Release|Any CPU.ActiveCfg = Release|Any CPU
		{5F36F358-C0A4-4663-B533-285337870905}.Release|Any CPU.Build.0 = Release|Any CPU
		{5F36F358-C0A4-4663-B533-285337870905}.Release|x64.ActiveCfg = Release|Any CPU
		{5F36F358-C0A4-4663-B533-285337870905}.Release|x64.Build.0 = Release|Any CPU
		{5F36F358-C0A4-4663-B533-285337870905}.Release|x86.ActiveCfg = Release|Any CPU
		{5F36F358-C0A4-4663-B533-285337870905}.Release|x86.Build.0 = Release|Any CPU
		{53308803-A0CA-464E-A11E-997875D91FFA}.Debug|Any CPU.ActiveCfg = Debug|Any CPU
		{53308803-A0CA-464E-A11E-997875D91FFA}.Debug|Any CPU.Build.0 = Debug|Any CPU
		{53308803-A0CA-464E-A11E-997875D91FFA}.Debug|x64.ActiveCfg = Debug|Any CPU
		{53308803-A0CA-464E-A11E-997875D91FFA}.Debug|x64.Build.0 = Debug|Any CPU
		{53308803-A0CA-464E-A11E-997875D91FFA}.Debug|x86.ActiveCfg = Debug|Any CPU
		{53308803-A0CA-464E-A11E-997875D91FFA}.Debug|x86.Build.0 = Debug|Any CPU
		{53308803-A0CA-464E-A11E-997875D91FFA}.Release|Any CPU.ActiveCfg = Release|Any CPU
		{53308803-A0CA-464E-A11E-997875D91FFA}.Release|Any CPU.Build.0 = Release|Any CPU
		{53308803-A0CA-464E-A11E-997875D91FFA}.Release|x64.ActiveCfg = Release|Any CPU
		{53308803-A0CA-464E-A11E-997875D91FFA}.Release|x64.Build.0 = Release|Any CPU
		{53308803-A0CA-464E-A11E-997875D91FFA}.Release|x86.ActiveCfg = Release|Any CPU
		{53308803-A0CA-464E-A11E-997875D91FFA}.Release|x86.Build.0 = Release|Any CPU
		{04866DAB-B479-4239-9E2F-429CFFE298DD}.Debug|Any CPU.ActiveCfg = Debug|Any CPU
		{04866DAB-B479-4239-9E2F-429CFFE298DD}.Debug|Any CPU.Build.0 = Debug|Any CPU
		{04866DAB-B479-4239-9E2F-429CFFE298DD}.Debug|x64.ActiveCfg = Debug|Any CPU
		{04866DAB-B479-4239-9E2F-429CFFE298DD}.Debug|x64.Build.0 = Debug|Any CPU
		{04866DAB-B479-4239-9E2F-429CFFE298DD}.Debug|x86.ActiveCfg = Debug|Any CPU
		{04866DAB-B479-4239-9E2F-429CFFE298DD}.Debug|x86.Build.0 = Debug|Any CPU
		{04866DAB-B479-4239-9E2F-429CFFE298DD}.Release|Any CPU.ActiveCfg = Release|Any CPU
		{04866DAB-B479-4239-9E2F-429CFFE298DD}.Release|Any CPU.Build.0 = Release|Any CPU
		{04866DAB-B479-4239-9E2F-429CFFE298DD}.Release|x64.ActiveCfg = Release|Any CPU
		{04866DAB-B479-4239-9E2F-429CFFE298DD}.Release|x64.Build.0 = Release|Any CPU
		{04866DAB-B479-4239-9E2F-429CFFE298DD}.Release|x86.ActiveCfg = Release|Any CPU
		{04866DAB-B479-4239-9E2F-429CFFE298DD}.Release|x86.Build.0 = Release|Any CPU
		{602BA4D7-D656-4645-8966-CEBAB2D89738}.Debug|Any CPU.ActiveCfg = Debug|Any CPU
		{602BA4D7-D656-4645-8966-CEBAB2D89738}.Debug|Any CPU.Build.0 = Debug|Any CPU
		{602BA4D7-D656-4645-8966-CEBAB2D89738}.Debug|x64.ActiveCfg = Debug|Any CPU
		{602BA4D7-D656-4645-8966-CEBAB2D89738}.Debug|x64.Build.0 = Debug|Any CPU
		{602BA4D7-D656-4645-8966-CEBAB2D89738}.Debug|x86.ActiveCfg = Debug|Any CPU
		{602BA4D7-D656-4645-8966-CEBAB2D89738}.Debug|x86.Build.0 = Debug|Any CPU
		{602BA4D7-D656-4645-8966-CEBAB2D89738}.Release|Any CPU.ActiveCfg = Release|Any CPU
		{602BA4D7-D656-4645-8966-CEBAB2D89738}.Release|Any CPU.Build.0 = Release|Any CPU
		{602BA4D7-D656-4645-8966-CEBAB2D89738}.Release|x64.ActiveCfg = Release|Any CPU
		{602BA4D7-D656-4645-8966-CEBAB2D89738}.Release|x64.Build.0 = Release|Any CPU
		{602BA4D7-D656-4645-8966-CEBAB2D89738}.Release|x86.ActiveCfg = Release|Any CPU
		{602BA4D7-D656-4645-8966-CEBAB2D89738}.Release|x86.Build.0 = Release|Any CPU
		{4F1E3880-62B5-488C-A2CA-A88B6808E8D7}.Debug|Any CPU.ActiveCfg = Debug|Any CPU
		{4F1E3880-62B5-488C-A2CA-A88B6808E8D7}.Debug|Any CPU.Build.0 = Debug|Any CPU
		{4F1E3880-62B5-488C-A2CA-A88B6808E8D7}.Debug|x64.ActiveCfg = Debug|Any CPU
		{4F1E3880-62B5-488C-A2CA-A88B6808E8D7}.Debug|x64.Build.0 = Debug|Any CPU
		{4F1E3880-62B5-488C-A2CA-A88B6808E8D7}.Debug|x86.ActiveCfg = Debug|Any CPU
		{4F1E3880-62B5-488C-A2CA-A88B6808E8D7}.Debug|x86.Build.0 = Debug|Any CPU
		{4F1E3880-62B5-488C-A2CA-A88B6808E8D7}.Release|Any CPU.ActiveCfg = Release|Any CPU
		{4F1E3880-62B5-488C-A2CA-A88B6808E8D7}.Release|Any CPU.Build.0 = Release|Any CPU
		{4F1E3880-62B5-488C-A2CA-A88B6808E8D7}.Release|x64.ActiveCfg = Release|Any CPU
		{4F1E3880-62B5-488C-A2CA-A88B6808E8D7}.Release|x64.Build.0 = Release|Any CPU
		{4F1E3880-62B5-488C-A2CA-A88B6808E8D7}.Release|x86.ActiveCfg = Release|Any CPU
		{4F1E3880-62B5-488C-A2CA-A88B6808E8D7}.Release|x86.Build.0 = Release|Any CPU
		{F66D4724-7EC6-4682-8F6A-DB30A3E8DAC3}.Debug|Any CPU.ActiveCfg = Debug|Any CPU
		{F66D4724-7EC6-4682-8F6A-DB30A3E8DAC3}.Debug|Any CPU.Build.0 = Debug|Any CPU
		{F66D4724-7EC6-4682-8F6A-DB30A3E8DAC3}.Debug|x64.ActiveCfg = Debug|Any CPU
		{F66D4724-7EC6-4682-8F6A-DB30A3E8DAC3}.Debug|x64.Build.0 = Debug|Any CPU
		{F66D4724-7EC6-4682-8F6A-DB30A3E8DAC3}.Debug|x86.ActiveCfg = Debug|Any CPU
		{F66D4724-7EC6-4682-8F6A-DB30A3E8DAC3}.Debug|x86.Build.0 = Debug|Any CPU
		{F66D4724-7EC6-4682-8F6A-DB30A3E8DAC3}.Release|Any CPU.ActiveCfg = Release|Any CPU
		{F66D4724-7EC6-4682-8F6A-DB30A3E8DAC3}.Release|Any CPU.Build.0 = Release|Any CPU
		{F66D4724-7EC6-4682-8F6A-DB30A3E8DAC3}.Release|x64.ActiveCfg = Release|Any CPU
		{F66D4724-7EC6-4682-8F6A-DB30A3E8DAC3}.Release|x64.Build.0 = Release|Any CPU
		{F66D4724-7EC6-4682-8F6A-DB30A3E8DAC3}.Release|x86.ActiveCfg = Release|Any CPU
		{F66D4724-7EC6-4682-8F6A-DB30A3E8DAC3}.Release|x86.Build.0 = Release|Any CPU
		{517543A8-21AA-4437-9B2C-E791ED15A028}.Debug|Any CPU.ActiveCfg = Debug|Any CPU
		{517543A8-21AA-4437-9B2C-E791ED15A028}.Debug|Any CPU.Build.0 = Debug|Any CPU
		{517543A8-21AA-4437-9B2C-E791ED15A028}.Debug|x64.ActiveCfg = Debug|Any CPU
		{517543A8-21AA-4437-9B2C-E791ED15A028}.Debug|x64.Build.0 = Debug|Any CPU
		{517543A8-21AA-4437-9B2C-E791ED15A028}.Debug|x86.ActiveCfg = Debug|Any CPU
		{517543A8-21AA-4437-9B2C-E791ED15A028}.Debug|x86.Build.0 = Debug|Any CPU
		{517543A8-21AA-4437-9B2C-E791ED15A028}.Release|Any CPU.ActiveCfg = Release|Any CPU
		{517543A8-21AA-4437-9B2C-E791ED15A028}.Release|Any CPU.Build.0 = Release|Any CPU
		{517543A8-21AA-4437-9B2C-E791ED15A028}.Release|x64.ActiveCfg = Release|Any CPU
		{517543A8-21AA-4437-9B2C-E791ED15A028}.Release|x64.Build.0 = Release|Any CPU
		{517543A8-21AA-4437-9B2C-E791ED15A028}.Release|x86.ActiveCfg = Release|Any CPU
		{517543A8-21AA-4437-9B2C-E791ED15A028}.Release|x86.Build.0 = Release|Any CPU
		{5073670C-05AE-44A4-9B0D-CCD4A8C8ACC4}.Debug|Any CPU.ActiveCfg = Debug|Any CPU
		{5073670C-05AE-44A4-9B0D-CCD4A8C8ACC4}.Debug|Any CPU.Build.0 = Debug|Any CPU
		{5073670C-05AE-44A4-9B0D-CCD4A8C8ACC4}.Debug|x64.ActiveCfg = Debug|Any CPU
		{5073670C-05AE-44A4-9B0D-CCD4A8C8ACC4}.Debug|x64.Build.0 = Debug|Any CPU
		{5073670C-05AE-44A4-9B0D-CCD4A8C8ACC4}.Debug|x86.ActiveCfg = Debug|Any CPU
		{5073670C-05AE-44A4-9B0D-CCD4A8C8ACC4}.Debug|x86.Build.0 = Debug|Any CPU
		{5073670C-05AE-44A4-9B0D-CCD4A8C8ACC4}.Release|Any CPU.ActiveCfg = Release|Any CPU
		{5073670C-05AE-44A4-9B0D-CCD4A8C8ACC4}.Release|Any CPU.Build.0 = Release|Any CPU
		{5073670C-05AE-44A4-9B0D-CCD4A8C8ACC4}.Release|x64.ActiveCfg = Release|Any CPU
		{5073670C-05AE-44A4-9B0D-CCD4A8C8ACC4}.Release|x64.Build.0 = Release|Any CPU
		{5073670C-05AE-44A4-9B0D-CCD4A8C8ACC4}.Release|x86.ActiveCfg = Release|Any CPU
		{5073670C-05AE-44A4-9B0D-CCD4A8C8ACC4}.Release|x86.Build.0 = Release|Any CPU
		{55442FFC-6E5C-4FD2-8943-D9B4EA92E53B}.Debug|Any CPU.ActiveCfg = Debug|Any CPU
		{55442FFC-6E5C-4FD2-8943-D9B4EA92E53B}.Debug|Any CPU.Build.0 = Debug|Any CPU
		{55442FFC-6E5C-4FD2-8943-D9B4EA92E53B}.Debug|x64.ActiveCfg = Debug|Any CPU
		{55442FFC-6E5C-4FD2-8943-D9B4EA92E53B}.Debug|x64.Build.0 = Debug|Any CPU
		{55442FFC-6E5C-4FD2-8943-D9B4EA92E53B}.Debug|x86.ActiveCfg = Debug|Any CPU
		{55442FFC-6E5C-4FD2-8943-D9B4EA92E53B}.Debug|x86.Build.0 = Debug|Any CPU
		{55442FFC-6E5C-4FD2-8943-D9B4EA92E53B}.Release|Any CPU.ActiveCfg = Release|Any CPU
		{55442FFC-6E5C-4FD2-8943-D9B4EA92E53B}.Release|Any CPU.Build.0 = Release|Any CPU
		{55442FFC-6E5C-4FD2-8943-D9B4EA92E53B}.Release|x64.ActiveCfg = Release|Any CPU
		{55442FFC-6E5C-4FD2-8943-D9B4EA92E53B}.Release|x64.Build.0 = Release|Any CPU
		{55442FFC-6E5C-4FD2-8943-D9B4EA92E53B}.Release|x86.ActiveCfg = Release|Any CPU
		{55442FFC-6E5C-4FD2-8943-D9B4EA92E53B}.Release|x86.Build.0 = Release|Any CPU
		{DAA537C8-9E2C-443D-8B6E-F3DB83FD0FBF}.Debug|Any CPU.ActiveCfg = Debug|Any CPU
		{DAA537C8-9E2C-443D-8B6E-F3DB83FD0FBF}.Debug|Any CPU.Build.0 = Debug|Any CPU
		{DAA537C8-9E2C-443D-8B6E-F3DB83FD0FBF}.Debug|x64.ActiveCfg = Debug|Any CPU
		{DAA537C8-9E2C-443D-8B6E-F3DB83FD0FBF}.Debug|x64.Build.0 = Debug|Any CPU
		{DAA537C8-9E2C-443D-8B6E-F3DB83FD0FBF}.Debug|x86.ActiveCfg = Debug|Any CPU
		{DAA537C8-9E2C-443D-8B6E-F3DB83FD0FBF}.Debug|x86.Build.0 = Debug|Any CPU
		{DAA537C8-9E2C-443D-8B6E-F3DB83FD0FBF}.Release|Any CPU.ActiveCfg = Release|Any CPU
		{DAA537C8-9E2C-443D-8B6E-F3DB83FD0FBF}.Release|Any CPU.Build.0 = Release|Any CPU
		{DAA537C8-9E2C-443D-8B6E-F3DB83FD0FBF}.Release|x64.ActiveCfg = Release|Any CPU
		{DAA537C8-9E2C-443D-8B6E-F3DB83FD0FBF}.Release|x64.Build.0 = Release|Any CPU
		{DAA537C8-9E2C-443D-8B6E-F3DB83FD0FBF}.Release|x86.ActiveCfg = Release|Any CPU
		{DAA537C8-9E2C-443D-8B6E-F3DB83FD0FBF}.Release|x86.Build.0 = Release|Any CPU
		{B87BB6B0-6D32-4EAF-8FD7-DD3692ECC88A}.Debug|Any CPU.ActiveCfg = Debug|Any CPU
		{B87BB6B0-6D32-4EAF-8FD7-DD3692ECC88A}.Debug|Any CPU.Build.0 = Debug|Any CPU
		{B87BB6B0-6D32-4EAF-8FD7-DD3692ECC88A}.Debug|x64.ActiveCfg = Debug|Any CPU
		{B87BB6B0-6D32-4EAF-8FD7-DD3692ECC88A}.Debug|x64.Build.0 = Debug|Any CPU
		{B87BB6B0-6D32-4EAF-8FD7-DD3692ECC88A}.Debug|x86.ActiveCfg = Debug|Any CPU
		{B87BB6B0-6D32-4EAF-8FD7-DD3692ECC88A}.Debug|x86.Build.0 = Debug|Any CPU
		{B87BB6B0-6D32-4EAF-8FD7-DD3692ECC88A}.Release|Any CPU.ActiveCfg = Release|Any CPU
		{B87BB6B0-6D32-4EAF-8FD7-DD3692ECC88A}.Release|Any CPU.Build.0 = Release|Any CPU
		{B87BB6B0-6D32-4EAF-8FD7-DD3692ECC88A}.Release|x64.ActiveCfg = Release|Any CPU
		{B87BB6B0-6D32-4EAF-8FD7-DD3692ECC88A}.Release|x64.Build.0 = Release|Any CPU
		{B87BB6B0-6D32-4EAF-8FD7-DD3692ECC88A}.Release|x86.ActiveCfg = Release|Any CPU
		{B87BB6B0-6D32-4EAF-8FD7-DD3692ECC88A}.Release|x86.Build.0 = Release|Any CPU
		{63046720-0D56-4EE2-BFF8-50E10AFBA717}.Debug|Any CPU.ActiveCfg = Debug|Any CPU
		{63046720-0D56-4EE2-BFF8-50E10AFBA717}.Debug|Any CPU.Build.0 = Debug|Any CPU
		{63046720-0D56-4EE2-BFF8-50E10AFBA717}.Debug|x64.ActiveCfg = Debug|Any CPU
		{63046720-0D56-4EE2-BFF8-50E10AFBA717}.Debug|x64.Build.0 = Debug|Any CPU
		{63046720-0D56-4EE2-BFF8-50E10AFBA717}.Debug|x86.ActiveCfg = Debug|Any CPU
		{63046720-0D56-4EE2-BFF8-50E10AFBA717}.Debug|x86.Build.0 = Debug|Any CPU
		{63046720-0D56-4EE2-BFF8-50E10AFBA717}.Release|Any CPU.ActiveCfg = Release|Any CPU
		{63046720-0D56-4EE2-BFF8-50E10AFBA717}.Release|Any CPU.Build.0 = Release|Any CPU
		{63046720-0D56-4EE2-BFF8-50E10AFBA717}.Release|x64.ActiveCfg = Release|Any CPU
		{63046720-0D56-4EE2-BFF8-50E10AFBA717}.Release|x64.Build.0 = Release|Any CPU
		{63046720-0D56-4EE2-BFF8-50E10AFBA717}.Release|x86.ActiveCfg = Release|Any CPU
		{63046720-0D56-4EE2-BFF8-50E10AFBA717}.Release|x86.Build.0 = Release|Any CPU
		{90793B49-761C-4201-912F-60A67653B748}.Debug|Any CPU.ActiveCfg = Debug|Any CPU
		{90793B49-761C-4201-912F-60A67653B748}.Debug|Any CPU.Build.0 = Debug|Any CPU
		{90793B49-761C-4201-912F-60A67653B748}.Debug|x64.ActiveCfg = Debug|Any CPU
		{90793B49-761C-4201-912F-60A67653B748}.Debug|x64.Build.0 = Debug|Any CPU
		{90793B49-761C-4201-912F-60A67653B748}.Debug|x86.ActiveCfg = Debug|Any CPU
		{90793B49-761C-4201-912F-60A67653B748}.Debug|x86.Build.0 = Debug|Any CPU
		{90793B49-761C-4201-912F-60A67653B748}.Release|Any CPU.ActiveCfg = Release|Any CPU
		{90793B49-761C-4201-912F-60A67653B748}.Release|Any CPU.Build.0 = Release|Any CPU
		{90793B49-761C-4201-912F-60A67653B748}.Release|x64.ActiveCfg = Release|Any CPU
		{90793B49-761C-4201-912F-60A67653B748}.Release|x64.Build.0 = Release|Any CPU
		{90793B49-761C-4201-912F-60A67653B748}.Release|x86.ActiveCfg = Release|Any CPU
		{90793B49-761C-4201-912F-60A67653B748}.Release|x86.Build.0 = Release|Any CPU
		{CA1A8F9E-851C-44CD-9B61-82B961272552}.Debug|Any CPU.ActiveCfg = Debug|Any CPU
		{CA1A8F9E-851C-44CD-9B61-82B961272552}.Debug|Any CPU.Build.0 = Debug|Any CPU
		{CA1A8F9E-851C-44CD-9B61-82B961272552}.Debug|x64.ActiveCfg = Debug|Any CPU
		{CA1A8F9E-851C-44CD-9B61-82B961272552}.Debug|x64.Build.0 = Debug|Any CPU
		{CA1A8F9E-851C-44CD-9B61-82B961272552}.Debug|x86.ActiveCfg = Debug|Any CPU
		{CA1A8F9E-851C-44CD-9B61-82B961272552}.Debug|x86.Build.0 = Debug|Any CPU
		{CA1A8F9E-851C-44CD-9B61-82B961272552}.Release|Any CPU.ActiveCfg = Release|Any CPU
		{CA1A8F9E-851C-44CD-9B61-82B961272552}.Release|Any CPU.Build.0 = Release|Any CPU
		{CA1A8F9E-851C-44CD-9B61-82B961272552}.Release|x64.ActiveCfg = Release|Any CPU
		{CA1A8F9E-851C-44CD-9B61-82B961272552}.Release|x64.Build.0 = Release|Any CPU
		{CA1A8F9E-851C-44CD-9B61-82B961272552}.Release|x86.ActiveCfg = Release|Any CPU
		{CA1A8F9E-851C-44CD-9B61-82B961272552}.Release|x86.Build.0 = Release|Any CPU
		{1DD4BF1B-360A-4CDD-BA05-61C036A8DA09}.Debug|Any CPU.ActiveCfg = Debug|Any CPU
		{1DD4BF1B-360A-4CDD-BA05-61C036A8DA09}.Debug|Any CPU.Build.0 = Debug|Any CPU
		{1DD4BF1B-360A-4CDD-BA05-61C036A8DA09}.Debug|x64.ActiveCfg = Debug|Any CPU
		{1DD4BF1B-360A-4CDD-BA05-61C036A8DA09}.Debug|x64.Build.0 = Debug|Any CPU
		{1DD4BF1B-360A-4CDD-BA05-61C036A8DA09}.Debug|x86.ActiveCfg = Debug|Any CPU
		{1DD4BF1B-360A-4CDD-BA05-61C036A8DA09}.Debug|x86.Build.0 = Debug|Any CPU
		{1DD4BF1B-360A-4CDD-BA05-61C036A8DA09}.Release|Any CPU.ActiveCfg = Release|Any CPU
		{1DD4BF1B-360A-4CDD-BA05-61C036A8DA09}.Release|Any CPU.Build.0 = Release|Any CPU
		{1DD4BF1B-360A-4CDD-BA05-61C036A8DA09}.Release|x64.ActiveCfg = Release|Any CPU
		{1DD4BF1B-360A-4CDD-BA05-61C036A8DA09}.Release|x64.Build.0 = Release|Any CPU
		{1DD4BF1B-360A-4CDD-BA05-61C036A8DA09}.Release|x86.ActiveCfg = Release|Any CPU
		{1DD4BF1B-360A-4CDD-BA05-61C036A8DA09}.Release|x86.Build.0 = Release|Any CPU
		{C63D02A2-04FE-48CC-AF24-3F365F6D7725}.Debug|Any CPU.ActiveCfg = Debug|Any CPU
		{C63D02A2-04FE-48CC-AF24-3F365F6D7725}.Debug|Any CPU.Build.0 = Debug|Any CPU
		{C63D02A2-04FE-48CC-AF24-3F365F6D7725}.Debug|x64.ActiveCfg = Debug|Any CPU
		{C63D02A2-04FE-48CC-AF24-3F365F6D7725}.Debug|x64.Build.0 = Debug|Any CPU
		{C63D02A2-04FE-48CC-AF24-3F365F6D7725}.Debug|x86.ActiveCfg = Debug|Any CPU
		{C63D02A2-04FE-48CC-AF24-3F365F6D7725}.Debug|x86.Build.0 = Debug|Any CPU
		{C63D02A2-04FE-48CC-AF24-3F365F6D7725}.Release|Any CPU.ActiveCfg = Release|Any CPU
		{C63D02A2-04FE-48CC-AF24-3F365F6D7725}.Release|Any CPU.Build.0 = Release|Any CPU
		{C63D02A2-04FE-48CC-AF24-3F365F6D7725}.Release|x64.ActiveCfg = Release|Any CPU
		{C63D02A2-04FE-48CC-AF24-3F365F6D7725}.Release|x64.Build.0 = Release|Any CPU
		{C63D02A2-04FE-48CC-AF24-3F365F6D7725}.Release|x86.ActiveCfg = Release|Any CPU
		{C63D02A2-04FE-48CC-AF24-3F365F6D7725}.Release|x86.Build.0 = Release|Any CPU
	EndGlobalSection
	GlobalSection(SolutionProperties) = preSolution
		HideSolutionNode = FALSE
	EndGlobalSection
	GlobalSection(NestedProjects) = preSolution
		{C63D02A2-04FE-48CC-AF24-3F365F6D7725} = {B36A84DF-456D-A817-6EDD-3EC3E7F6E11F}
		{9A548F0E-DA26-4ACE-B85D-E09E231FE2E0} = {B36A84DF-456D-A817-6EDD-3EC3E7F6E11F}
		{61ABA6DD-D1E0-467A-980B-4977FCF2FEC6} = {B36A84DF-456D-A817-6EDD-3EC3E7F6E11F}
		{6796F466-6194-4ABD-8563-326EE47B00EB} = {B36A84DF-456D-A817-6EDD-3EC3E7F6E11F}
		{BF5399D3-B6DF-4A10-A17E-F38E91EB05DE} = {B36A84DF-456D-A817-6EDD-3EC3E7F6E11F}
		{2FC0360D-81F0-462D-B1DB-DDDF76002C12} = {B36A84DF-456D-A817-6EDD-3EC3E7F6E11F}
		{5F36F358-C0A4-4663-B533-285337870905} = {B36A84DF-456D-A817-6EDD-3EC3E7F6E11F}
		{53308803-A0CA-464E-A11E-997875D91FFA} = {B36A84DF-456D-A817-6EDD-3EC3E7F6E11F}
		{04866DAB-B479-4239-9E2F-429CFFE298DD} = {B36A84DF-456D-A817-6EDD-3EC3E7F6E11F}
		{602BA4D7-D656-4645-8966-CEBAB2D89738} = {B36A84DF-456D-A817-6EDD-3EC3E7F6E11F}
		{4F1E3880-62B5-488C-A2CA-A88B6808E8D7} = {B36A84DF-456D-A817-6EDD-3EC3E7F6E11F}
		{F66D4724-7EC6-4682-8F6A-DB30A3E8DAC3} = {B36A84DF-456D-A817-6EDD-3EC3E7F6E11F}
		{517543A8-21AA-4437-9B2C-E791ED15A028} = {B36A84DF-456D-A817-6EDD-3EC3E7F6E11F}
		{5073670C-05AE-44A4-9B0D-CCD4A8C8ACC4} = {B36A84DF-456D-A817-6EDD-3EC3E7F6E11F}
		{55442FFC-6E5C-4FD2-8943-D9B4EA92E53B} = {B36A84DF-456D-A817-6EDD-3EC3E7F6E11F}
		{DAA537C8-9E2C-443D-8B6E-F3DB83FD0FBF} = {B36A84DF-456D-A817-6EDD-3EC3E7F6E11F}
		{B87BB6B0-6D32-4EAF-8FD7-DD3692ECC88A} = {B36A84DF-456D-A817-6EDD-3EC3E7F6E11F}
		{63046720-0D56-4EE2-BFF8-50E10AFBA717} = {B36A84DF-456D-A817-6EDD-3EC3E7F6E11F}
		{90793B49-761C-4201-912F-60A67653B748} = {B36A84DF-456D-A817-6EDD-3EC3E7F6E11F}
		{CA1A8F9E-851C-44CD-9B61-82B961272552} = {B36A84DF-456D-A817-6EDD-3EC3E7F6E11F}
		{1DD4BF1B-360A-4CDD-BA05-61C036A8DA09} = {B36A84DF-456D-A817-6EDD-3EC3E7F6E11F}
		{E1260335-3724-44E4-A92C-9AFF70E0E01D} = {809F86A1-1C4C-B159-0CD4-DF9D33D876CE}
		{E185A3BF-3605-42C2-93C5-8E60499D1A90} = {809F86A1-1C4C-B159-0CD4-DF9D33D876CE}
		{EE575CAD-290F-4089-9836-CAA31C3E7BC9} = {23F94109-B5BF-4782-AFD5-D9A2BAF2998A}
		{2C7D004F-E150-4144-AA68-B30522E0B036} = {23F94109-B5BF-4782-AFD5-D9A2BAF2998A}
	EndGlobalSection
EndGlobal
